
Microsoft Visual Studio Solution File, Format Version 12.00
# Visual Studio Version 16
VisualStudioVersion = 16.0.30320.27
MinimumVisualStudioVersion = 10.0.40219.1
Project("{FAE04EC0-301F-11D3-BF4B-00C04F79EFBC}") = "BooksAPI", "BooksAPI\BooksAPI.csproj", "{1E99EFAB-5091-466D-BE04-264C7F5D2100}"
EndProject
Global
	GlobalSection(SolutionConfigurationPlatforms) = preSolution
		Debug|Any CPU = Debug|Any CPU
		Release|Any CPU = Release|Any CPU
	EndGlobalSection
	GlobalSection(ProjectConfigurationPlatforms) = postSolution
		{1E99EFAB-5091-466D-BE04-264C7F5D2100}.Debug|Any CPU.ActiveCfg = Debug|Any CPU
		{1E99EFAB-5091-466D-BE04-264C7F5D2100}.Debug|Any CPU.Build.0 = Debug|Any CPU
		{1E99EFAB-5091-466D-BE04-264C7F5D2100}.Release|Any CPU.ActiveCfg = Release|Any CPU
		{1E99EFAB-5091-466D-BE04-264C7F5D2100}.Release|Any CPU.Build.0 = Release|Any CPU
	EndGlobalSection
	GlobalSection(SolutionProperties) = preSolution
		HideSolutionNode = FALSE
	EndGlobalSection
	GlobalSection(ExtensibilityGlobals) = postSolution
		SolutionGuid = {27271FAC-AC25-43D0-BC31-BB9E353C1BC0}
	EndGlobalSection
EndGlobal
